
Microsoft Visual Studio Solution File, Format Version 12.00
# Visual Studio Version 17
VisualStudioVersion = 17.8.34330.188
MinimumVisualStudioVersion = 10.0.40219.1
Project("{9A19103F-16F7-4668-BE54-9A1E7A4F7556}") = "ApiGateway", "ApiGateway\ApiGateway.csproj", "{3AC8F123-2B1C-4C65-A5F3-CB9B6B1F2525}"
EndProject
Project("{2150E333-8FDC-42A3-9474-1A3956D46DE8}") = "ServicesExamples", "ServicesExamples", "{2581F611-A4BE-43D2-B1C0-8C95E365BE2C}"
EndProject
Project("{FAE04EC0-301F-11D3-BF4B-00C04F79EFBC}") = "ProductAPI", "ServicesExample\ProductAPI\ProductAPI.csproj", "{78A2A45D-47AA-41B7-A7C2-F25727927E97}"
EndProject
Project("{FAE04EC0-301F-11D3-BF4B-00C04F79EFBC}") = "UserAPI", "UserAPI\UserAPI.csproj", "{393B6562-5F1C-4033-87FD-EC75F74A15FA}"
EndProject
Global
	GlobalSection(SolutionConfigurationPlatforms) = preSolution
		Debug|Any CPU = Debug|Any CPU
		Release|Any CPU = Release|Any CPU
	EndGlobalSection
	GlobalSection(ProjectConfigurationPlatforms) = postSolution
		{3AC8F123-2B1C-4C65-A5F3-CB9B6B1F2525}.Debug|Any CPU.ActiveCfg = Debug|Any CPU
		{3AC8F123-2B1C-4C65-A5F3-CB9B6B1F2525}.Debug|Any CPU.Build.0 = Debug|Any CPU
		{3AC8F123-2B1C-4C65-A5F3-CB9B6B1F2525}.Release|Any CPU.ActiveCfg = Release|Any CPU
		{3AC8F123-2B1C-4C65-A5F3-CB9B6B1F2525}.Release|Any CPU.Build.0 = Release|Any CPU
		{78A2A45D-47AA-41B7-A7C2-F25727927E97}.Debug|Any CPU.ActiveCfg = Debug|Any CPU
		{78A2A45D-47AA-41B7-A7C2-F25727927E97}.Debug|Any CPU.Build.0 = Debug|Any CPU
		{78A2A45D-47AA-41B7-A7C2-F25727927E97}.Release|Any CPU.ActiveCfg = Release|Any CPU
		{78A2A45D-47AA-41B7-A7C2-F25727927E97}.Release|Any CPU.Build.0 = Release|Any CPU
		{393B6562-5F1C-4033-87FD-EC75F74A15FA}.Debug|Any CPU.ActiveCfg = Debug|Any CPU
		{393B6562-5F1C-4033-87FD-EC75F74A15FA}.Debug|Any CPU.Build.0 = Debug|Any CPU
		{393B6562-5F1C-4033-87FD-EC75F74A15FA}.Release|Any CPU.ActiveCfg = Release|Any CPU
		{393B6562-5F1C-4033-87FD-EC75F74A15FA}.Release|Any CPU.Build.0 = Release|Any CPU
	EndGlobalSection
	GlobalSection(SolutionProperties) = preSolution
		HideSolutionNode = FALSE
	EndGlobalSection
	GlobalSection(NestedProjects) = preSolution
		{78A2A45D-47AA-41B7-A7C2-F25727927E97} = {2581F611-A4BE-43D2-B1C0-8C95E365BE2C}
		{393B6562-5F1C-4033-87FD-EC75F74A15FA} = {2581F611-A4BE-43D2-B1C0-8C95E365BE2C}
	EndGlobalSection
	GlobalSection(ExtensibilityGlobals) = postSolution
		SolutionGuid = {3E58520F-7201-42F0-A215-24DD3C6ECCEE}
	EndGlobalSection
EndGlobal
